
Microsoft Visual Studio Solution File, Format Version 12.00
# Visual Studio Version 16
VisualStudioVersion = 16.0.31424.327
MinimumVisualStudioVersion = 10.0.40219.1
Project("{FAE04EC0-301F-11D3-BF4B-00C04F79EFBC}") = "10pmBatchMVCCorPart2", "10pmBatchMVCCorPart2.csproj", "{08E0CF80-1C04-4BEB-8A5C-22F52233C429}"
EndProject
Project("{9A19103F-16F7-4668-BE54-9A1E7A4F7556}") = "DatafirstApproachExampleInCore", "..\9pmAspDotNetCore\DatafirstApproachExampleInCore\DatafirstApproachExampleInCore.csproj", "{8640989C-9E99-4C79-9D82-0054727D00A5}"
EndProject
Global
	GlobalSection(SolutionConfigurationPlatforms) = preSolution
		Debug|Any CPU = Debug|Any CPU
		Release|Any CPU = Release|Any CPU
	EndGlobalSection
	GlobalSection(ProjectConfigurationPlatforms) = postSolution
		{08E0CF80-1C04-4BEB-8A5C-22F52233C429}.Debug|Any CPU.ActiveCfg = Debug|Any CPU
		{08E0CF80-1C04-4BEB-8A5C-22F52233C429}.Debug|Any CPU.Build.0 = Debug|Any CPU
		{08E0CF80-1C04-4BEB-8A5C-22F52233C429}.Release|Any CPU.ActiveCfg = Release|Any CPU
		{08E0CF80-1C04-4BEB-8A5C-22F52233C429}.Release|Any CPU.Build.0 = Release|Any CPU
		{8640989C-9E99-4C79-9D82-0054727D00A5}.Debug|Any CPU.ActiveCfg = Debug|Any CPU
		{8640989C-9E99-4C79-9D82-0054727D00A5}.Debug|Any CPU.Build.0 = Debug|Any CPU
		{8640989C-9E99-4C79-9D82-0054727D00A5}.Release|Any CPU.ActiveCfg = Release|Any CPU
		{8640989C-9E99-4C79-9D82-0054727D00A5}.Release|Any CPU.Build.0 = Release|Any CPU
	EndGlobalSection
	GlobalSection(SolutionProperties) = preSolution
		HideSolutionNode = FALSE
	EndGlobalSection
	GlobalSection(ExtensibilityGlobals) = postSolution
		SolutionGuid = {E0B3C638-BC60-40B9-B3D4-A4D63A3DEE4A}
	EndGlobalSection
EndGlobal
